
Microsoft Visual Studio Solution File, Format Version 12.00
Project("{FAE04EC0-301F-11D3-BF4B-00C04F79EFBC}") = "BeatSheetService", "BeatSheetService\BeatSheetService.csproj", "{E5CE8BCE-AF05-4BC3-AA6C-3A6FCADAFA0B}"
EndProject
Global
	GlobalSection(SolutionConfigurationPlatforms) = preSolution
		Debug|Any CPU = Debug|Any CPU
		Release|Any CPU = Release|Any CPU
	EndGlobalSection
	GlobalSection(ProjectConfigurationPlatforms) = postSolution
		{E5CE8BCE-AF05-4BC3-AA6C-3A6FCADAFA0B}.Debug|Any CPU.ActiveCfg = Debug|Any CPU
		{E5CE8BCE-AF05-4BC3-AA6C-3A6FCADAFA0B}.Debug|Any CPU.Build.0 = Debug|Any CPU
		{E5CE8BCE-AF05-4BC3-AA6C-3A6FCADAFA0B}.Release|Any CPU.ActiveCfg = Release|Any CPU
		{E5CE8BCE-AF05-4BC3-AA6C-3A6FCADAFA0B}.Release|Any CPU.Build.0 = Release|Any CPU
	EndGlobalSection
EndGlobal
